
Microsoft Visual Studio Solution File, Format Version 12.00
# Visual Studio Version 17
VisualStudioVersion = 17.0.31903.59
MinimumVisualStudioVersion = 10.0.40219.1
Project("{2150E333-8FDC-42A3-9474-1A3956D46DE8}") = "src", "src", "{87A7E20E-802D-4038-B0E7-894B53016050}"
EndProject
Project("{FAE04EC0-301F-11D3-BF4B-00C04F79EFBC}") = "EngineerPc.Contracts", "src\EngineerPc.Contracts\EngineerPc.Contracts.csproj", "{D6FAF300-6B37-465B-8A79-CE326E08EAA1}"
EndProject
Project("{FAE04EC0-301F-11D3-BF4B-00C04F79EFBC}") = "EngineerPc.Engineering.Ir", "src\EngineerPc.Engineering.Ir\EngineerPc.Engineering.Ir.csproj", "{3D74DF7A-8169-47F4-9D61-631925F93982}"
EndProject
Project("{2150E333-8FDC-42A3-9474-1A3956D46DE8}") = "tests", "tests", "{EDC5E0E3-6018-49F6-A9AD-E26914104634}"
EndProject
Project("{FAE04EC0-301F-11D3-BF4B-00C04F79EFBC}") = "EngineerPc.Engineering.Ir.Tests", "tests\EngineerPc.Engineering.Ir.Tests\EngineerPc.Engineering.Ir.Tests.csproj", "{A6D1F791-946F-4E9F-B601-EA967AD6DCA7}"
EndProject
Project("{FAE04EC0-301F-11D3-BF4B-00C04F79EFBC}") = "EngineerPc.Engineering.Engine", "src\EngineerPc.Engineering.Engine\EngineerPc.Engineering.Engine.csproj", "{2FDFB051-36E4-4AA7-8123-D9D407061989}"
EndProject
Project("{FAE04EC0-301F-11D3-BF4B-00C04F79EFBC}") = "EngineerPc.Engineering.Engine.Tests", "tests\EngineerPc.Engineering.Engine.Tests\EngineerPc.Engineering.Engine.Tests.csproj", "{1E0CC95D-5755-4011-95D1-038EBE2D0FCC}"
EndProject
Project("{FAE04EC0-301F-11D3-BF4B-00C04F79EFBC}") = "EngineerPc.Engineering.Policy", "src\EngineerPc.Engineering.Policy\EngineerPc.Engineering.Policy.csproj", "{18107D62-6B09-49F9-B61B-9C701B0A8E25}"
EndProject
Project("{FAE04EC0-301F-11D3-BF4B-00C04F79EFBC}") = "EngineerPc.Engineering.Policy.Tests", "tests\EngineerPc.Engineering.Policy.Tests\EngineerPc.Engineering.Policy.Tests.csproj", "{FFECE815-4145-4A69-8EB4-813C54767A59}"
EndProject
Project("{FAE04EC0-301F-11D3-BF4B-00C04F79EFBC}") = "EngineerPc.Engineering.Transactions", "src\EngineerPc.Engineering.Transactions\EngineerPc.Engineering.Transactions.csproj", "{F7B2834F-FB90-4983-8CC4-164B2800633A}"
EndProject
Project("{FAE04EC0-301F-11D3-BF4B-00C04F79EFBC}") = "EngineerPc.Engineering.Transactions.Tests", "tests\EngineerPc.Engineering.Transactions.Tests\EngineerPc.Engineering.Transactions.Tests.csproj", "{596C01AA-9FAB-4EC4-8662-CD49C8647766}"
EndProject
Project("{FAE04EC0-301F-11D3-BF4B-00C04F79EFBC}") = "EngineerPc.Engineering.Approvals", "src\EngineerPc.Engineering.Approvals\EngineerPc.Engineering.Approvals.csproj", "{22EBE472-F0D8-47E3-9145-82F517FAC03C}"
EndProject
Project("{FAE04EC0-301F-11D3-BF4B-00C04F79EFBC}") = "EngineerPc.Engineering.Approvals.Tests", "tests\EngineerPc.Engineering.Approvals.Tests\EngineerPc.Engineering.Approvals.Tests.csproj", "{B7619523-643A-491A-8EF6-417EC1CE84B3}"
EndProject
Project("{FAE04EC0-301F-11D3-BF4B-00C04F79EFBC}") = "EngineerPc.Engineering.Validation", "src\EngineerPc.Engineering.Validation\EngineerPc.Engineering.Validation.csproj", "{DD531E57-8AEF-4700-8E65-FD8DFA8B4203}"
EndProject
Project("{FAE04EC0-301F-11D3-BF4B-00C04F79EFBC}") = "EngineerPc.Engineering.Validation.Tests", "tests\EngineerPc.Engineering.Validation.Tests\EngineerPc.Engineering.Validation.Tests.csproj", "{041C3C3A-883B-452A-9441-131E4168775B}"
EndProject
Project("{FAE04EC0-301F-11D3-BF4B-00C04F79EFBC}") = "EngineerPc.Tia.Abstractions", "src\EngineerPc.Tia.Abstractions\EngineerPc.Tia.Abstractions.csproj", "{F61D65D2-D08F-4BBF-838D-DEE301F8DC78}"
EndProject
Project("{FAE04EC0-301F-11D3-BF4B-00C04F79EFBC}") = "EngineerPc.Tia.Mock", "src\EngineerPc.Tia.Mock\EngineerPc.Tia.Mock.csproj", "{056DDC21-7660-4A2A-B311-57618F7E67C3}"
EndProject
Project("{FAE04EC0-301F-11D3-BF4B-00C04F79EFBC}") = "EngineerPc.Tia.Mock.Tests", "tests\EngineerPc.Tia.Mock.Tests\EngineerPc.Tia.Mock.Tests.csproj", "{B2C75504-B53A-4FDC-979A-BC413249C794}"
EndProject
Project("{FAE04EC0-301F-11D3-BF4B-00C04F79EFBC}") = "EngineerPc.Tia.V19.Protocol", "src\EngineerPc.Tia.V19.Protocol\EngineerPc.Tia.V19.Protocol.csproj", "{10E6B04E-5A65-4EC2-BE1D-0A33A9F18831}"
EndProject
Project("{FAE04EC0-301F-11D3-BF4B-00C04F79EFBC}") = "EngineerPc.Tia.V19", "src\EngineerPc.Tia.V19\EngineerPc.Tia.V19.csproj", "{B63B7319-6CCF-42AC-902C-6ABBB92F808F}"
EndProject
Project("{FAE04EC0-301F-11D3-BF4B-00C04F79EFBC}") = "EngineerPc.Tia.V19.Worker", "src\EngineerPc.Tia.V19.Worker\EngineerPc.Tia.V19.Worker.csproj", "{806B5029-C4D8-4BB9-A14C-6A63FE37E6E3}"
EndProject
Project("{FAE04EC0-301F-11D3-BF4B-00C04F79EFBC}") = "EngineerPc.Tia.V19.Protocol.Tests", "tests\EngineerPc.Tia.V19.Protocol.Tests\EngineerPc.Tia.V19.Protocol.Tests.csproj", "{B6EACDDE-85F5-45F9-82D4-79945E886F04}"
EndProject
Project("{FAE04EC0-301F-11D3-BF4B-00C04F79EFBC}") = "EngineerPc.ProjectModel", "src\EngineerPc.ProjectModel\EngineerPc.ProjectModel.csproj", "{FAD27BB4-B369-4253-97B0-04574E8BBC4D}"
EndProject
Project("{FAE04EC0-301F-11D3-BF4B-00C04F79EFBC}") = "EngineerPc.ProjectModel.Tests", "tests\EngineerPc.ProjectModel.Tests\EngineerPc.ProjectModel.Tests.csproj", "{13E777C0-4DB7-421C-8871-7B0B897D6BA1}"
EndProject
Project("{FAE04EC0-301F-11D3-BF4B-00C04F79EFBC}") = "EngineerPc.ProjectGraph", "src\EngineerPc.ProjectGraph\EngineerPc.ProjectGraph.csproj", "{1C5FB0DB-6B09-430F-A122-3CFED8356D96}"
EndProject
Project("{FAE04EC0-301F-11D3-BF4B-00C04F79EFBC}") = "EngineerPc.ProjectGraph.Tests", "tests\EngineerPc.ProjectGraph.Tests\EngineerPc.ProjectGraph.Tests.csproj", "{637D2E41-9983-460E-A007-D46324B12E88}"
EndProject
Project("{FAE04EC0-301F-11D3-BF4B-00C04F79EFBC}") = "EngineerPc.ProjectSearch", "src\EngineerPc.ProjectSearch\EngineerPc.ProjectSearch.csproj", "{4AFC5F4E-39A7-4A85-ADE6-FC61DE14A8D5}"
EndProject
Project("{FAE04EC0-301F-11D3-BF4B-00C04F79EFBC}") = "EngineerPc.ProjectSearch.Tests", "tests\EngineerPc.ProjectSearch.Tests\EngineerPc.ProjectSearch.Tests.csproj", "{DC0E241F-62CC-489A-994F-BD6598B18368}"
EndProject
Project("{FAE04EC0-301F-11D3-BF4B-00C04F79EFBC}") = "EngineerPc.Mcp", "src\EngineerPc.Mcp\EngineerPc.Mcp.csproj", "{28E50BF3-31DB-49F0-BB78-A36FD715B4D7}"
EndProject
Project("{FAE04EC0-301F-11D3-BF4B-00C04F79EFBC}") = "EngineerPc.Mcp.Tests", "tests\EngineerPc.Mcp.Tests\EngineerPc.Mcp.Tests.csproj", "{1366C7B4-0C8E-4E92-B74A-F14FEEE44461}"
EndProject
Project("{FAE04EC0-301F-11D3-BF4B-00C04F79EFBC}") = "EngineerPc.Security", "src\EngineerPc.Security\EngineerPc.Security.csproj", "{677A20E4-D898-42B4-A63C-89FF1150F831}"
EndProject
Project("{FAE04EC0-301F-11D3-BF4B-00C04F79EFBC}") = "EngineerPc.Security.Tests", "tests\EngineerPc.Security.Tests\EngineerPc.Security.Tests.csproj", "{854E4282-9AF5-464F-B983-D7E532DBEDF4}"
EndProject
Project("{FAE04EC0-301F-11D3-BF4B-00C04F79EFBC}") = "EngineerPc.Audit", "src\EngineerPc.Audit\EngineerPc.Audit.csproj", "{6C9F9F8A-E1F4-4A44-82A1-B7B45B4D19D5}"
EndProject
Project("{FAE04EC0-301F-11D3-BF4B-00C04F79EFBC}") = "EngineerPc.Audit.Tests", "tests\EngineerPc.Audit.Tests\EngineerPc.Audit.Tests.csproj", "{7E25FAD2-68C0-432F-9B7D-7FE914FC5537}"
EndProject
Project("{FAE04EC0-301F-11D3-BF4B-00C04F79EFBC}") = "EngineerPc.Mcp.Host", "src\EngineerPc.Mcp.Host\EngineerPc.Mcp.Host.csproj", "{51DE8882-483A-4BE8-A430-5162187CBE68}"
EndProject
Project("{FAE04EC0-301F-11D3-BF4B-00C04F79EFBC}") = "EngineerPc.Mcp.Host.Tests", "tests\EngineerPc.Mcp.Host.Tests\EngineerPc.Mcp.Host.Tests.csproj", "{E603C81C-79B8-4C04-A8F9-5F5BB5190306}"
EndProject
Project("{FAE04EC0-301F-11D3-BF4B-00C04F79EFBC}") = "EngineerPc.Tia.V19.Client", "src\EngineerPc.Tia.V19.Client\EngineerPc.Tia.V19.Client.csproj", "{97DDE0D6-3E96-443B-AF45-7D061B41DDBD}"
EndProject
Project("{FAE04EC0-301F-11D3-BF4B-00C04F79EFBC}") = "EngineerPc.Tia.V19.Client.Tests", "tests\EngineerPc.Tia.V19.Client.Tests\EngineerPc.Tia.V19.Client.Tests.csproj", "{C95A3B04-5793-440D-B999-D90EC8945052}"
EndProject
Global
	GlobalSection(SolutionConfigurationPlatforms) = preSolution
		Debug|Any CPU = Debug|Any CPU
		Release|Any CPU = Release|Any CPU
	EndGlobalSection
	GlobalSection(SolutionProperties) = preSolution
		HideSolutionNode = FALSE
	EndGlobalSection
	GlobalSection(ProjectConfigurationPlatforms) = postSolution
		{D6FAF300-6B37-465B-8A79-CE326E08EAA1}.Debug|Any CPU.ActiveCfg = Debug|Any CPU
		{D6FAF300-6B37-465B-8A79-CE326E08EAA1}.Debug|Any CPU.Build.0 = Debug|Any CPU
		{D6FAF300-6B37-465B-8A79-CE326E08EAA1}.Release|Any CPU.ActiveCfg = Release|Any CPU
		{D6FAF300-6B37-465B-8A79-CE326E08EAA1}.Release|Any CPU.Build.0 = Release|Any CPU
		{3D74DF7A-8169-47F4-9D61-631925F93982}.Debug|Any CPU.ActiveCfg = Debug|Any CPU
		{3D74DF7A-8169-47F4-9D61-631925F93982}.Debug|Any CPU.Build.0 = Debug|Any CPU
		{3D74DF7A-8169-47F4-9D61-631925F93982}.Release|Any CPU.ActiveCfg = Release|Any CPU
		{3D74DF7A-8169-47F4-9D61-631925F93982}.Release|Any CPU.Build.0 = Release|Any CPU
		{A6D1F791-946F-4E9F-B601-EA967AD6DCA7}.Debug|Any CPU.ActiveCfg = Debug|Any CPU
		{A6D1F791-946F-4E9F-B601-EA967AD6DCA7}.Debug|Any CPU.Build.0 = Debug|Any CPU
		{A6D1F791-946F-4E9F-B601-EA967AD6DCA7}.Release|Any CPU.ActiveCfg = Release|Any CPU
		{A6D1F791-946F-4E9F-B601-EA967AD6DCA7}.Release|Any CPU.Build.0 = Release|Any CPU
		{2FDFB051-36E4-4AA7-8123-D9D407061989}.Debug|Any CPU.ActiveCfg = Debug|Any CPU
		{2FDFB051-36E4-4AA7-8123-D9D407061989}.Debug|Any CPU.Build.0 = Debug|Any CPU
		{2FDFB051-36E4-4AA7-8123-D9D407061989}.Release|Any CPU.ActiveCfg = Release|Any CPU
		{2FDFB051-36E4-4AA7-8123-D9D407061989}.Release|Any CPU.Build.0 = Release|Any CPU
		{1E0CC95D-5755-4011-95D1-038EBE2D0FCC}.Debug|Any CPU.ActiveCfg = Debug|Any CPU
		{1E0CC95D-5755-4011-95D1-038EBE2D0FCC}.Debug|Any CPU.Build.0 = Debug|Any CPU
		{1E0CC95D-5755-4011-95D1-038EBE2D0FCC}.Release|Any CPU.ActiveCfg = Release|Any CPU
		{1E0CC95D-5755-4011-95D1-038EBE2D0FCC}.Release|Any CPU.Build.0 = Release|Any CPU
		{18107D62-6B09-49F9-B61B-9C701B0A8E25}.Debug|Any CPU.ActiveCfg = Debug|Any CPU
		{18107D62-6B09-49F9-B61B-9C701B0A8E25}.Debug|Any CPU.Build.0 = Debug|Any CPU
		{18107D62-6B09-49F9-B61B-9C701B0A8E25}.Release|Any CPU.ActiveCfg = Release|Any CPU
		{18107D62-6B09-49F9-B61B-9C701B0A8E25}.Release|Any CPU.Build.0 = Release|Any CPU
		{FFECE815-4145-4A69-8EB4-813C54767A59}.Debug|Any CPU.ActiveCfg = Debug|Any CPU
		{FFECE815-4145-4A69-8EB4-813C54767A59}.Debug|Any CPU.Build.0 = Debug|Any CPU
		{FFECE815-4145-4A69-8EB4-813C54767A59}.Release|Any CPU.ActiveCfg = Release|Any CPU
		{FFECE815-4145-4A69-8EB4-813C54767A59}.Release|Any CPU.Build.0 = Release|Any CPU
		{F7B2834F-FB90-4983-8CC4-164B2800633A}.Debug|Any CPU.ActiveCfg = Debug|Any CPU
		{F7B2834F-FB90-4983-8CC4-164B2800633A}.Debug|Any CPU.Build.0 = Debug|Any CPU
		{F7B2834F-FB90-4983-8CC4-164B2800633A}.Release|Any CPU.ActiveCfg = Release|Any CPU
		{F7B2834F-FB90-4983-8CC4-164B2800633A}.Release|Any CPU.Build.0 = Release|Any CPU
		{596C01AA-9FAB-4EC4-8662-CD49C8647766}.Debug|Any CPU.ActiveCfg = Debug|Any CPU
		{596C01AA-9FAB-4EC4-8662-CD49C8647766}.Debug|Any CPU.Build.0 = Debug|Any CPU
		{596C01AA-9FAB-4EC4-8662-CD49C8647766}.Release|Any CPU.ActiveCfg = Release|Any CPU
		{596C01AA-9FAB-4EC4-8662-CD49C8647766}.Release|Any CPU.Build.0 = Release|Any CPU
		{22EBE472-F0D8-47E3-9145-82F517FAC03C}.Debug|Any CPU.ActiveCfg = Debug|Any CPU
		{22EBE472-F0D8-47E3-9145-82F517FAC03C}.Debug|Any CPU.Build.0 = Debug|Any CPU
		{22EBE472-F0D8-47E3-9145-82F517FAC03C}.Release|Any CPU.ActiveCfg = Release|Any CPU
		{22EBE472-F0D8-47E3-9145-82F517FAC03C}.Release|Any CPU.Build.0 = Release|Any CPU
		{B7619523-643A-491A-8EF6-417EC1CE84B3}.Debug|Any CPU.ActiveCfg = Debug|Any CPU
		{B7619523-643A-491A-8EF6-417EC1CE84B3}.Debug|Any CPU.Build.0 = Debug|Any CPU
		{B7619523-643A-491A-8EF6-417EC1CE84B3}.Release|Any CPU.ActiveCfg = Release|Any CPU
		{B7619523-643A-491A-8EF6-417EC1CE84B3}.Release|Any CPU.Build.0 = Release|Any CPU
		{DD531E57-8AEF-4700-8E65-FD8DFA8B4203}.Debug|Any CPU.ActiveCfg = Debug|Any CPU
		{DD531E57-8AEF-4700-8E65-FD8DFA8B4203}.Debug|Any CPU.Build.0 = Debug|Any CPU
		{DD531E57-8AEF-4700-8E65-FD8DFA8B4203}.Release|Any CPU.ActiveCfg = Release|Any CPU
		{DD531E57-8AEF-4700-8E65-FD8DFA8B4203}.Release|Any CPU.Build.0 = Release|Any CPU
		{041C3C3A-883B-452A-9441-131E4168775B}.Debug|Any CPU.ActiveCfg = Debug|Any CPU
		{041C3C3A-883B-452A-9441-131E4168775B}.Debug|Any CPU.Build.0 = Debug|Any CPU
		{041C3C3A-883B-452A-9441-131E4168775B}.Release|Any CPU.ActiveCfg = Release|Any CPU
		{041C3C3A-883B-452A-9441-131E4168775B}.Release|Any CPU.Build.0 = Release|Any CPU
		{F61D65D2-D08F-4BBF-838D-DEE301F8DC78}.Debug|Any CPU.ActiveCfg = Debug|Any CPU
		{F61D65D2-D08F-4BBF-838D-DEE301F8DC78}.Debug|Any CPU.Build.0 = Debug|Any CPU
		{F61D65D2-D08F-4BBF-838D-DEE301F8DC78}.Release|Any CPU.ActiveCfg = Release|Any CPU
		{F61D65D2-D08F-4BBF-838D-DEE301F8DC78}.Release|Any CPU.Build.0 = Release|Any CPU
		{056DDC21-7660-4A2A-B311-57618F7E67C3}.Debug|Any CPU.ActiveCfg = Debug|Any CPU
		{056DDC21-7660-4A2A-B311-57618F7E67C3}.Debug|Any CPU.Build.0 = Debug|Any CPU
		{056DDC21-7660-4A2A-B311-57618F7E67C3}.Release|Any CPU.ActiveCfg = Release|Any CPU
		{056DDC21-7660-4A2A-B311-57618F7E67C3}.Release|Any CPU.Build.0 = Release|Any CPU
		{B2C75504-B53A-4FDC-979A-BC413249C794}.Debug|Any CPU.ActiveCfg = Debug|Any CPU
		{B2C75504-B53A-4FDC-979A-BC413249C794}.Debug|Any CPU.Build.0 = Debug|Any CPU
		{B2C75504-B53A-4FDC-979A-BC413249C794}.Release|Any CPU.ActiveCfg = Release|Any CPU
		{B2C75504-B53A-4FDC-979A-BC413249C794}.Release|Any CPU.Build.0 = Release|Any CPU
		{10E6B04E-5A65-4EC2-BE1D-0A33A9F18831}.Debug|Any CPU.ActiveCfg = Debug|Any CPU
		{10E6B04E-5A65-4EC2-BE1D-0A33A9F18831}.Debug|Any CPU.Build.0 = Debug|Any CPU
		{10E6B04E-5A65-4EC2-BE1D-0A33A9F18831}.Release|Any CPU.ActiveCfg = Release|Any CPU
		{10E6B04E-5A65-4EC2-BE1D-0A33A9F18831}.Release|Any CPU.Build.0 = Release|Any CPU
		{B63B7319-6CCF-42AC-902C-6ABBB92F808F}.Debug|Any CPU.ActiveCfg = Debug|Any CPU
		{B63B7319-6CCF-42AC-902C-6ABBB92F808F}.Debug|Any CPU.Build.0 = Debug|Any CPU
		{B63B7319-6CCF-42AC-902C-6ABBB92F808F}.Release|Any CPU.ActiveCfg = Release|Any CPU
		{B63B7319-6CCF-42AC-902C-6ABBB92F808F}.Release|Any CPU.Build.0 = Release|Any CPU
		{806B5029-C4D8-4BB9-A14C-6A63FE37E6E3}.Debug|Any CPU.ActiveCfg = Debug|Any CPU
		{806B5029-C4D8-4BB9-A14C-6A63FE37E6E3}.Debug|Any CPU.Build.0 = Debug|Any CPU
		{806B5029-C4D8-4BB9-A14C-6A63FE37E6E3}.Release|Any CPU.ActiveCfg = Release|Any CPU
		{806B5029-C4D8-4BB9-A14C-6A63FE37E6E3}.Release|Any CPU.Build.0 = Release|Any CPU
		{B6EACDDE-85F5-45F9-82D4-79945E886F04}.Debug|Any CPU.ActiveCfg = Debug|Any CPU
		{B6EACDDE-85F5-45F9-82D4-79945E886F04}.Debug|Any CPU.Build.0 = Debug|Any CPU
		{B6EACDDE-85F5-45F9-82D4-79945E886F04}.Release|Any CPU.ActiveCfg = Release|Any CPU
		{B6EACDDE-85F5-45F9-82D4-79945E886F04}.Release|Any CPU.Build.0 = Release|Any CPU
		{FAD27BB4-B369-4253-97B0-04574E8BBC4D}.Debug|Any CPU.ActiveCfg = Debug|Any CPU
		{FAD27BB4-B369-4253-97B0-04574E8BBC4D}.Debug|Any CPU.Build.0 = Debug|Any CPU
		{FAD27BB4-B369-4253-97B0-04574E8BBC4D}.Release|Any CPU.ActiveCfg = Release|Any CPU
		{FAD27BB4-B369-4253-97B0-04574E8BBC4D}.Release|Any CPU.Build.0 = Release|Any CPU
		{13E777C0-4DB7-421C-8871-7B0B897D6BA1}.Debug|Any CPU.ActiveCfg = Debug|Any CPU
		{13E777C0-4DB7-421C-8871-7B0B897D6BA1}.Debug|Any CPU.Build.0 = Debug|Any CPU
		{13E777C0-4DB7-421C-8871-7B0B897D6BA1}.Release|Any CPU.ActiveCfg = Release|Any CPU
		{13E777C0-4DB7-421C-8871-7B0B897D6BA1}.Release|Any CPU.Build.0 = Release|Any CPU
		{1C5FB0DB-6B09-430F-A122-3CFED8356D96}.Debug|Any CPU.ActiveCfg = Debug|Any CPU
		{1C5FB0DB-6B09-430F-A122-3CFED8356D96}.Debug|Any CPU.Build.0 = Debug|Any CPU
		{1C5FB0DB-6B09-430F-A122-3CFED8356D96}.Release|Any CPU.ActiveCfg = Release|Any CPU
		{1C5FB0DB-6B09-430F-A122-3CFED8356D96}.Release|Any CPU.Build.0 = Release|Any CPU
		{637D2E41-9983-460E-A007-D46324B12E88}.Debug|Any CPU.ActiveCfg = Debug|Any CPU
		{637D2E41-9983-460E-A007-D46324B12E88}.Debug|Any CPU.Build.0 = Debug|Any CPU
		{637D2E41-9983-460E-A007-D46324B12E88}.Release|Any CPU.ActiveCfg = Release|Any CPU
		{637D2E41-9983-460E-A007-D46324B12E88}.Release|Any CPU.Build.0 = Release|Any CPU
		{4AFC5F4E-39A7-4A85-ADE6-FC61DE14A8D5}.Debug|Any CPU.ActiveCfg = Debug|Any CPU
		{4AFC5F4E-39A7-4A85-ADE6-FC61DE14A8D5}.Debug|Any CPU.Build.0 = Debug|Any CPU
		{4AFC5F4E-39A7-4A85-ADE6-FC61DE14A8D5}.Release|Any CPU.ActiveCfg = Release|Any CPU
		{4AFC5F4E-39A7-4A85-ADE6-FC61DE14A8D5}.Release|Any CPU.Build.0 = Release|Any CPU
		{DC0E241F-62CC-489A-994F-BD6598B18368}.Debug|Any CPU.ActiveCfg = Debug|Any CPU
		{DC0E241F-62CC-489A-994F-BD6598B18368}.Debug|Any CPU.Build.0 = Debug|Any CPU
		{DC0E241F-62CC-489A-994F-BD6598B18368}.Release|Any CPU.ActiveCfg = Release|Any CPU
		{DC0E241F-62CC-489A-994F-BD6598B18368}.Release|Any CPU.Build.0 = Release|Any CPU
		{28E50BF3-31DB-49F0-BB78-A36FD715B4D7}.Debug|Any CPU.ActiveCfg = Debug|Any CPU
		{28E50BF3-31DB-49F0-BB78-A36FD715B4D7}.Debug|Any CPU.Build.0 = Debug|Any CPU
		{28E50BF3-31DB-49F0-BB78-A36FD715B4D7}.Release|Any CPU.ActiveCfg = Release|Any CPU
		{28E50BF3-31DB-49F0-BB78-A36FD715B4D7}.Release|Any CPU.Build.0 = Release|Any CPU
		{1366C7B4-0C8E-4E92-B74A-F14FEEE44461}.Debug|Any CPU.ActiveCfg = Debug|Any CPU
		{1366C7B4-0C8E-4E92-B74A-F14FEEE44461}.Debug|Any CPU.Build.0 = Debug|Any CPU
		{1366C7B4-0C8E-4E92-B74A-F14FEEE44461}.Release|Any CPU.ActiveCfg = Release|Any CPU
		{1366C7B4-0C8E-4E92-B74A-F14FEEE44461}.Release|Any CPU.Build.0 = Release|Any CPU
		{677A20E4-D898-42B4-A63C-89FF1150F831}.Debug|Any CPU.ActiveCfg = Debug|Any CPU
		{677A20E4-D898-42B4-A63C-89FF1150F831}.Debug|Any CPU.Build.0 = Debug|Any CPU
		{677A20E4-D898-42B4-A63C-89FF1150F831}.Release|Any CPU.ActiveCfg = Release|Any CPU
		{677A20E4-D898-42B4-A63C-89FF1150F831}.Release|Any CPU.Build.0 = Release|Any CPU
		{854E4282-9AF5-464F-B983-D7E532DBEDF4}.Debug|Any CPU.ActiveCfg = Debug|Any CPU
		{854E4282-9AF5-464F-B983-D7E532DBEDF4}.Debug|Any CPU.Build.0 = Debug|Any CPU
		{854E4282-9AF5-464F-B983-D7E532DBEDF4}.Release|Any CPU.ActiveCfg = Release|Any CPU
		{854E4282-9AF5-464F-B983-D7E532DBEDF4}.Release|Any CPU.Build.0 = Release|Any CPU
		{6C9F9F8A-E1F4-4A44-82A1-B7B45B4D19D5}.Debug|Any CPU.ActiveCfg = Debug|Any CPU
		{6C9F9F8A-E1F4-4A44-82A1-B7B45B4D19D5}.Debug|Any CPU.Build.0 = Debug|Any CPU
		{6C9F9F8A-E1F4-4A44-82A1-B7B45B4D19D5}.Release|Any CPU.ActiveCfg = Release|Any CPU
		{6C9F9F8A-E1F4-4A44-82A1-B7B45B4D19D5}.Release|Any CPU.Build.0 = Release|Any CPU
		{7E25FAD2-68C0-432F-9B7D-7FE914FC5537}.Debug|Any CPU.ActiveCfg = Debug|Any CPU
		{7E25FAD2-68C0-432F-9B7D-7FE914FC5537}.Debug|Any CPU.Build.0 = Debug|Any CPU
		{7E25FAD2-68C0-432F-9B7D-7FE914FC5537}.Release|Any CPU.ActiveCfg = Release|Any CPU
		{7E25FAD2-68C0-432F-9B7D-7FE914FC5537}.Release|Any CPU.Build.0 = Release|Any CPU
		{51DE8882-483A-4BE8-A430-5162187CBE68}.Debug|Any CPU.ActiveCfg = Debug|Any CPU
		{51DE8882-483A-4BE8-A430-5162187CBE68}.Debug|Any CPU.Build.0 = Debug|Any CPU
		{51DE8882-483A-4BE8-A430-5162187CBE68}.Release|Any CPU.ActiveCfg = Release|Any CPU
		{51DE8882-483A-4BE8-A430-5162187CBE68}.Release|Any CPU.Build.0 = Release|Any CPU
		{E603C81C-79B8-4C04-A8F9-5F5BB5190306}.Debug|Any CPU.ActiveCfg = Debug|Any CPU
		{E603C81C-79B8-4C04-A8F9-5F5BB5190306}.Debug|Any CPU.Build.0 = Debug|Any CPU
		{E603C81C-79B8-4C04-A8F9-5F5BB5190306}.Release|Any CPU.ActiveCfg = Release|Any CPU
		{E603C81C-79B8-4C04-A8F9-5F5BB5190306}.Release|Any CPU.Build.0 = Release|Any CPU
		{97DDE0D6-3E96-443B-AF45-7D061B41DDBD}.Debug|Any CPU.ActiveCfg = Debug|Any CPU
		{97DDE0D6-3E96-443B-AF45-7D061B41DDBD}.Debug|Any CPU.Build.0 = Debug|Any CPU
		{97DDE0D6-3E96-443B-AF45-7D061B41DDBD}.Release|Any CPU.ActiveCfg = Release|Any CPU
		{97DDE0D6-3E96-443B-AF45-7D061B41DDBD}.Release|Any CPU.Build.0 = Release|Any CPU
		{C95A3B04-5793-440D-B999-D90EC8945052}.Debug|Any CPU.ActiveCfg = Debug|Any CPU
		{C95A3B04-5793-440D-B999-D90EC8945052}.Debug|Any CPU.Build.0 = Debug|Any CPU
		{C95A3B04-5793-440D-B999-D90EC8945052}.Release|Any CPU.ActiveCfg = Release|Any CPU
		{C95A3B04-5793-440D-B999-D90EC8945052}.Release|Any CPU.Build.0 = Release|Any CPU
	EndGlobalSection
	GlobalSection(NestedProjects) = preSolution
		{D6FAF300-6B37-465B-8A79-CE326E08EAA1} = {87A7E20E-802D-4038-B0E7-894B53016050}
		{3D74DF7A-8169-47F4-9D61-631925F93982} = {87A7E20E-802D-4038-B0E7-894B53016050}
		{A6D1F791-946F-4E9F-B601-EA967AD6DCA7} = {EDC5E0E3-6018-49F6-A9AD-E26914104634}
		{2FDFB051-36E4-4AA7-8123-D9D407061989} = {87A7E20E-802D-4038-B0E7-894B53016050}
		{1E0CC95D-5755-4011-95D1-038EBE2D0FCC} = {EDC5E0E3-6018-49F6-A9AD-E26914104634}
		{18107D62-6B09-49F9-B61B-9C701B0A8E25} = {87A7E20E-802D-4038-B0E7-894B53016050}
		{FFECE815-4145-4A69-8EB4-813C54767A59} = {EDC5E0E3-6018-49F6-A9AD-E26914104634}
		{F7B2834F-FB90-4983-8CC4-164B2800633A} = {87A7E20E-802D-4038-B0E7-894B53016050}
		{596C01AA-9FAB-4EC4-8662-CD49C8647766} = {EDC5E0E3-6018-49F6-A9AD-E26914104634}
		{22EBE472-F0D8-47E3-9145-82F517FAC03C} = {87A7E20E-802D-4038-B0E7-894B53016050}
		{B7619523-643A-491A-8EF6-417EC1CE84B3} = {EDC5E0E3-6018-49F6-A9AD-E26914104634}
		{DD531E57-8AEF-4700-8E65-FD8DFA8B4203} = {87A7E20E-802D-4038-B0E7-894B53016050}
		{041C3C3A-883B-452A-9441-131E4168775B} = {EDC5E0E3-6018-49F6-A9AD-E26914104634}
		{F61D65D2-D08F-4BBF-838D-DEE301F8DC78} = {87A7E20E-802D-4038-B0E7-894B53016050}
		{056DDC21-7660-4A2A-B311-57618F7E67C3} = {87A7E20E-802D-4038-B0E7-894B53016050}
		{B2C75504-B53A-4FDC-979A-BC413249C794} = {EDC5E0E3-6018-49F6-A9AD-E26914104634}
		{10E6B04E-5A65-4EC2-BE1D-0A33A9F18831} = {87A7E20E-802D-4038-B0E7-894B53016050}
		{B63B7319-6CCF-42AC-902C-6ABBB92F808F} = {87A7E20E-802D-4038-B0E7-894B53016050}
		{806B5029-C4D8-4BB9-A14C-6A63FE37E6E3} = {87A7E20E-802D-4038-B0E7-894B53016050}
		{B6EACDDE-85F5-45F9-82D4-79945E886F04} = {EDC5E0E3-6018-49F6-A9AD-E26914104634}
		{FAD27BB4-B369-4253-97B0-04574E8BBC4D} = {87A7E20E-802D-4038-B0E7-894B53016050}
		{13E777C0-4DB7-421C-8871-7B0B897D6BA1} = {EDC5E0E3-6018-49F6-A9AD-E26914104634}
		{1C5FB0DB-6B09-430F-A122-3CFED8356D96} = {87A7E20E-802D-4038-B0E7-894B53016050}
		{637D2E41-9983-460E-A007-D46324B12E88} = {EDC5E0E3-6018-49F6-A9AD-E26914104634}
		{4AFC5F4E-39A7-4A85-ADE6-FC61DE14A8D5} = {87A7E20E-802D-4038-B0E7-894B53016050}
		{DC0E241F-62CC-489A-994F-BD6598B18368} = {EDC5E0E3-6018-49F6-A9AD-E26914104634}
		{28E50BF3-31DB-49F0-BB78-A36FD715B4D7} = {87A7E20E-802D-4038-B0E7-894B53016050}
		{1366C7B4-0C8E-4E92-B74A-F14FEEE44461} = {EDC5E0E3-6018-49F6-A9AD-E26914104634}
		{677A20E4-D898-42B4-A63C-89FF1150F831} = {87A7E20E-802D-4038-B0E7-894B53016050}
		{854E4282-9AF5-464F-B983-D7E532DBEDF4} = {EDC5E0E3-6018-49F6-A9AD-E26914104634}
		{6C9F9F8A-E1F4-4A44-82A1-B7B45B4D19D5} = {87A7E20E-802D-4038-B0E7-894B53016050}
		{7E25FAD2-68C0-432F-9B7D-7FE914FC5537} = {EDC5E0E3-6018-49F6-A9AD-E26914104634}
		{51DE8882-483A-4BE8-A430-5162187CBE68} = {87A7E20E-802D-4038-B0E7-894B53016050}
		{E603C81C-79B8-4C04-A8F9-5F5BB5190306} = {EDC5E0E3-6018-49F6-A9AD-E26914104634}
		{97DDE0D6-3E96-443B-AF45-7D061B41DDBD} = {87A7E20E-802D-4038-B0E7-894B53016050}
		{C95A3B04-5793-440D-B999-D90EC8945052} = {EDC5E0E3-6018-49F6-A9AD-E26914104634}
	EndGlobalSection
EndGlobal
